
Microsoft Visual Studio Solution File, Format Version 12.00
# Visual Studio 15
VisualStudioVersion = 15.0.28307.1622
MinimumVisualStudioVersion = 10.0.40219.1
Project("{FAE04EC0-301F-11D3-BF4B-00C04F79EFBC}") = "WinFormOBS", "WinFormOBS.csproj", "{5D483338-4812-4FAE-AEEE-7C3A07AA768B}"
EndProject
Global
	GlobalSection(SolutionConfigurationPlatforms) = preSolution
		Debug|Any CPU = Debug|Any CPU
		Release|Any CPU = Release|Any CPU
	EndGlobalSection
	GlobalSection(ProjectConfigurationPlatforms) = postSolution
		{5D483338-4812-4FAE-AEEE-7C3A07AA768B}.Debug|Any CPU.ActiveCfg = Debug|Any CPU
		{5D483338-4812-4FAE-AEEE-7C3A07AA768B}.Debug|Any CPU.Build.0 = Debug|Any CPU
		{5D483338-4812-4FAE-AEEE-7C3A07AA768B}.Release|Any CPU.ActiveCfg = Release|Any CPU
		{5D483338-4812-4FAE-AEEE-7C3A07AA768B}.Release|Any CPU.Build.0 = Release|Any CPU
	EndGlobalSection
	GlobalSection(SolutionProperties) = preSolution
		HideSolutionNode = FALSE
	EndGlobalSection
	GlobalSection(ExtensibilityGlobals) = postSolution
		SolutionGuid = {780042C5-D3A2-4F9B-AFEE-430DA57E25C0}
	EndGlobalSection
EndGlobal
